// !$*UTF8*$!
{
	archiveVersion = 1;
	classes = {
	};
	objectVersion = 50;
	objects = {

/* Begin PBXBuildFile section */
		3330737222CF3E900079C9EC /* ScrollViewController.swift in Sources */ = {isa = PBXBuildFile; fileRef = 3330737122CF3E900079C9EC /* ScrollViewController.swift */; };
		3372CDA922CE057C00EF3A93 /* AppDelegate.swift in Sources */ = {isa = PBXBuildFile; fileRef = 3372CDA822CE057C00EF3A93 /* AppDelegate.swift */; };
		3372CDAB22CE057C00EF3A93 /* ViewController.swift in Sources */ = {isa = PBXBuildFile; fileRef = 3372CDAA22CE057C00EF3A93 /* ViewController.swift */; };
		3372CDAE22CE057C00EF3A93 /* Main.storyboard in Resources */ = {isa = PBXBuildFile; fileRef = 3372CDAC22CE057C00EF3A93 /* Main.storyboard */; };
		3372CDB022CE057D00EF3A93 /* Assets.xcassets in Resources */ = {isa = PBXBuildFile; fileRef = 3372CDAF22CE057D00EF3A93 /* Assets.xcassets */; };
		3372CDB322CE057D00EF3A93 /* LaunchScreen.storyboard in Resources */ = {isa = PBXBuildFile; fileRef = 3372CDB122CE057D00EF3A93 /* LaunchScreen.storyboard */; };
		33D6B78F234F25A800CEFB87 /* MRZScannerSDK.framework in Frameworks */ = {isa = PBXBuildFile; fileRef = 33D6B78D234F251A00CEFB87 /* MRZScannerSDK.framework */; };
		33D6B790234F25A800CEFB87 /* MRZScannerSDK.framework in Embed Frameworks */ = {isa = PBXBuildFile; fileRef = 33D6B78D234F251A00CEFB87 /* MRZScannerSDK.framework */; settings = {ATTRIBUTES = (CodeSignOnCopy, RemoveHeadersOnCopy, ); }; };
/* End PBXBuildFile section */

/* Begin PBXCopyFilesBuildPhase section */
		332D194922D35E73005FD209 /* Embed Frameworks */ = {
			isa = PBXCopyFilesBuildPhase;
			buildActionMask = 2147483647;
			dstPath = "";
			dstSubfolderSpec = 10;
			files = (
				33D6B790234F25A800CEFB87 /* MRZScannerSDK.framework in Embed Frameworks */,
			);
			name = "Embed Frameworks";
			runOnlyForDeploymentPostprocessing = 0;
		};
/* End PBXCopyFilesBuildPhase section */

/* Begin PBXFileReference section */
		3330737122CF3E900079C9EC /* ScrollViewController.swift */ = {isa = PBXFileReference; lastKnownFileType = sourcecode.swift; path = ScrollViewController.swift; sourceTree = "<group>"; };
		3372CDA522CE057C00EF3A93 /* HotelSampleAppSwift.app */ = {isa = PBXFileReference; explicitFileType = wrapper.application; includeInIndex = 0; path = HotelSampleAppSwift.app; sourceTree = BUILT_PRODUCTS_DIR; };
		3372CDA822CE057C00EF3A93 /* AppDelegate.swift */ = {isa = PBXFileReference; lastKnownFileType = sourcecode.swift; path = AppDelegate.swift; sourceTree = "<group>"; };
		3372CDAA22CE057C00EF3A93 /* ViewController.swift */ = {isa = PBXFileReference; lastKnownFileType = sourcecode.swift; path = ViewController.swift; sourceTree = "<group>"; };
		3372CDAD22CE057C00EF3A93 /* Base */ = {isa = PBXFileReference; lastKnownFileType = file.storyboard; name = Base; path = Base.lproj/Main.storyboard; sourceTree = "<group>"; };
		3372CDAF22CE057D00EF3A93 /* Assets.xcassets */ = {isa = PBXFileReference; lastKnownFileType = folder.assetcatalog; path = Assets.xcassets; sourceTree = "<group>"; };
		3372CDB222CE057D00EF3A93 /* Base */ = {isa = PBXFileReference; lastKnownFileType = file.storyboard; name = Base; path = Base.lproj/LaunchScreen.storyboard; sourceTree = "<group>"; };
		3372CDB422CE057D00EF3A93 /* Info.plist */ = {isa = PBXFileReference; lastKnownFileType = text.plist.xml; path = Info.plist; sourceTree = "<group>"; };
		33D6B78D234F251A00CEFB87 /* MRZScannerSDK.framework */ = {isa = PBXFileReference; lastKnownFileType = wrapper.framework; path = MRZScannerSDK.framework; sourceTree = "<group>"; };
/* End PBXFileReference section */

/* Begin PBXFrameworksBuildPhase section */
		3372CDA222CE057C00EF3A93 /* Frameworks */ = {
			isa = PBXFrameworksBuildPhase;
			buildActionMask = 2147483647;
			files = (
				33D6B78F234F25A800CEFB87 /* MRZScannerSDK.framework in Frameworks */,
			);
			runOnlyForDeploymentPostprocessing = 0;
		};
/* End PBXFrameworksBuildPhase section */

/* Begin PBXGroup section */
		3372CD9C22CE057C00EF3A93 = {
			isa = PBXGroup;
			children = (
				33D6B78D234F251A00CEFB87 /* MRZScannerSDK.framework */,
				3372CDA722CE057C00EF3A93 /* HotelSampleAppSwift */,
				3372CDA622CE057C00EF3A93 /* Products */,
				33D6B78A234F242100CEFB87 /* Frameworks */,
			);
			sourceTree = "<group>";
		};
		3372CDA622CE057C00EF3A93 /* Products */ = {
			isa = PBXGroup;
			children = (
				3372CDA522CE057C00EF3A93 /* HotelSampleAppSwift.app */,
			);
			name = Products;
			sourceTree = "<group>";
		};
		3372CDA722CE057C00EF3A93 /* HotelSampleAppSwift */ = {
			isa = PBXGroup;
			children = (
				3372CDA822CE057C00EF3A93 /* AppDelegate.swift */,
				3372CDAA22CE057C00EF3A93 /* ViewController.swift */,
				3330737122CF3E900079C9EC /* ScrollViewController.swift */,
				3372CDAC22CE057C00EF3A93 /* Main.storyboard */,
				3372CDAF22CE057D00EF3A93 /* Assets.xcassets */,
				3372CDB122CE057D00EF3A93 /* LaunchScreen.storyboard */,
				3372CDB422CE057D00EF3A93 /* Info.plist */,
			);
			path = HotelSampleAppSwift;
			sourceTree = "<group>";
		};
		33D6B78A234F242100CEFB87 /* Frameworks */ = {
			isa = PBXGroup;
			children = (
			);
			name = Frameworks;
			sourceTree = "<group>";
		};
/* End PBXGroup section */

/* Begin PBXNativeTarget section */
		3372CDA422CE057C00EF3A93 /* HotelSampleAppSwift */ = {
			isa = PBXNativeTarget;
			buildConfigurationList = 3372CDB722CE057D00EF3A93 /* Build configuration list for PBXNativeTarget "HotelSampleAppSwift" */;
			buildPhases = (
				3372CDA122CE057C00EF3A93 /* Sources */,
				3372CDA222CE057C00EF3A93 /* Frameworks */,
				3372CDA322CE057C00EF3A93 /* Resources */,
				332D194922D35E73005FD209 /* Embed Frameworks */,
			);
			buildRules = (
			);
			dependencies = (
			);
			name = HotelSampleAppSwift;
			productName = HotelSampleAppSwift;
			productReference = 3372CDA522CE057C00EF3A93 /* HotelSampleAppSwift.app */;
			productType = "com.apple.product-type.application";
		};
/* End PBXNativeTarget section */

/* Begin PBXProject section */
		3372CD9D22CE057C00EF3A93 /* Project object */ = {
			isa = PBXProject;
			attributes = {
				LastSwiftUpdateCheck = 1020;
				LastUpgradeCheck = 1020;
				ORGANIZATIONNAME = "Vasil Panov";
				TargetAttributes = {
					3372CDA422CE057C00EF3A93 = {
						CreatedOnToolsVersion = 10.2;
					};
				};
			};
			buildConfigurationList = 3372CDA022CE057C00EF3A93 /* Build configuration list for PBXProject "HotelSampleAppSwift" */;
			compatibilityVersion = "Xcode 9.3";
			developmentRegion = en;
			hasScannedForEncodings = 0;
			knownRegions = (
				en,
				Base,
			);
			mainGroup = 3372CD9C22CE057C00EF3A93;
			productRefGroup = 3372CDA622CE057C00EF3A93 /* Products */;
			projectDirPath = "";
			projectRoot = "";
			targets = (
				3372CDA422CE057C00EF3A93 /* HotelSampleAppSwift */,
			);
		};
/* End PBXProject section */

/* Begin PBXResourcesBuildPhase section */
		3372CDA322CE057C00EF3A93 /* Resources */ = {
			isa = PBXResourcesBuildPhase;
			buildActionMask = 2147483647;
			files = (
				3372CDB322CE057D00EF3A93 /* LaunchScreen.storyboard in Resources */,
				3372CDB022CE057D00EF3A93 /* Assets.xcassets in Resources */,
				3372CDAE22CE057C00EF3A93 /* Main.storyboard in Resources */,
			);
			runOnlyForDeploymentPostprocessing = 0;
		};
/* End PBXResourcesBuildPhase section */

/* Begin PBXSourcesBuildPhase section */
		3372CDA122CE057C00EF3A93 /* Sources */ = {
			isa = PBXSourcesBuildPhase;
			buildActionMask = 2147483647;
			files = (
				3372CDAB22CE057C00EF3A93 /* ViewController.swift in Sources */,
				3330737222CF3E900079C9EC /* ScrollViewController.swift in Sources */,
				3372CDA922CE057C00EF3A93 /* AppDelegate.swift in Sources */,
			);
			runOnlyForDeploymentPostprocessing = 0;
		};
/* End PBXSourcesBuildPhase section */

/* Begin PBXVariantGroup section */
		3372CDAC22CE057C00EF3A93 /* Main.storyboard */ = {
			isa = PBXVariantGroup;
			children = (
				3372CDAD22CE057C00EF3A93 /* Base */,
			);
			name = Main.storyboard;
			sourceTree = "<group>";
		};
		3372CDB122CE057D00EF3A93 /* LaunchScreen.storyboard */ = {
			isa = PBXVariantGroup;
			children = (
				3372CDB222CE057D00EF3A93 /* Base */,
			);
			name = LaunchScreen.storyboard;
			sourceTree = "<group>";
		};
/* End PBXVariantGroup section */

/* Begin XCBuildConfiguration section */
		3372CDB522CE057D00EF3A93 /* Debug */ = {
			isa = XCBuildConfiguration;
			buildSettings = {
				ALWAYS_SEARCH_USER_PATHS = NO;
				CLANG_ANALYZER_NONNULL = YES;
				CLANG_ANALYZER_NUMBER_OBJECT_CONVERSION = YES_AGGRESSIVE;
				CLANG_CXX_LANGUAGE_STANDARD = "gnu++14";
				CLANG_CXX_LIBRARY = "libc++";
				CLANG_ENABLE_MODULES = YES;
				CLANG_ENABLE_OBJC_ARC = YES;
				CLANG_ENABLE_OBJC_WEAK = YES;
				CLANG_WARN_BLOCK_CAPTURE_AUTORELEASING = YES;
				CLANG_WARN_BOOL_CONVERSION = YES;
				CLANG_WARN_COMMA = YES;
				CLANG_WARN_CONSTANT_CONVERSION = YES;
				CLANG_WARN_DEPRECATED_OBJC_IMPLEMENTATIONS = YES;
				CLANG_WARN_DIRECT_OBJC_ISA_USAGE = YES_ERROR;
				CLANG_WARN_DOCUMENTATION_COMMENTS = YES;
				CLANG_WARN_EMPTY_BODY = YES;
				CLANG_WARN_ENUM_CONVERSION = YES;
				CLANG_WARN_INFINITE_RECURSION = YES;
				CLANG_WARN_INT_CONVERSION = YES;
				CLANG_WARN_NON_LITERAL_NULL_CONVERSION = YES;
				CLANG_WARN_OBJC_IMPLICIT_RETAIN_SELF = YES;
				CLANG_WARN_OBJC_LITERAL_CONVERSION = YES;
				CLANG_WARN_OBJC_ROOT_CLASS = YES_ERROR;
				CLANG_WARN_RANGE_LOOP_ANALYSIS = YES;
				CLANG_WARN_STRICT_PROTOTYPES = YES;
				CLANG_WARN_SUSPICIOUS_MOVE = YES;
				CLANG_WARN_UNGUARDED_AVAILABILITY = YES_AGGRESSIVE;
				CLANG_WARN_UNREACHABLE_CODE = YES;
				CLANG_WARN__DUPLICATE_METHOD_MATCH = YES;
				CODE_SIGN_IDENTITY = "iPhone Developer";
				COPY_PHASE_STRIP = NO;
				DEBUG_INFORMATION_FORMAT = dwarf;
				ENABLE_STRICT_OBJC_MSGSEND = YES;
				ENABLE_TESTABILITY = YES;
				GCC_C_LANGUAGE_STANDARD = gnu11;
				GCC_DYNAMIC_NO_PIC = NO;
				GCC_NO_COMMON_BLOCKS = YES;
				GCC_OPTIMIZATION_LEVEL = 0;
				GCC_PREPROCESSOR_DEFINITIONS = (
					"DEBUG=1",
					"$(inherited)",
				);
				GCC_WARN_64_TO_32_BIT_CONVERSION = YES;
				GCC_WARN_ABOUT_RETURN_TYPE = YES_ERROR;
				GCC_WARN_UNDECLARED_SELECTOR = YES;
				GCC_WARN_UNINITIALIZED_AUTOS = YES_AGGRESSIVE;
				GCC_WARN_UNUSED_FUNCTION = YES;
				GCC_WARN_UNUSED_VARIABLE = YES;
				IPHONEOS_DEPLOYMENT_TARGET = 12.2;
				MTL_ENABLE_DEBUG_INFO = INCLUDE_SOURCE;
				MTL_FAST_MATH = YES;
				ONLY_ACTIVE_ARCH = YES;
				SDKROOT = iphoneos;
				SWIFT_ACTIVE_COMPILATION_CONDITIONS = DEBUG;
				SWIFT_OPTIMIZATION_LEVEL = "-Onone";
			};
			name = Debug;
		};
		3372CDB622CE057D00EF3A93 /* Release */ = {
			isa = XCBuildConfiguration;
			buildSettings = {
				ALWAYS_SEARCH_USER_PATHS = NO;
				CLANG_ANALYZER_NONNULL = YES;
				CLANG_ANALYZER_NUMBER_OBJECT_CONVERSION = YES_AGGRESSIVE;
				CLANG_CXX_LANGUAGE_STANDARD = "gnu++14";
				CLANG_CXX_LIBRARY = "libc++";
				CLANG_ENABLE_MODULES = YES;
				CLANG_ENABLE_OBJC_ARC = YES;
				CLANG_ENABLE_OBJC_WEAK = YES;
				CLANG_WARN_BLOCK_CAPTURE_AUTORELEASING = YES;
				CLANG_WARN_BOOL_CONVERSION = YES;
				CLANG_WARN_COMMA = YES;
				CLANG_WARN_CONSTANT_CONVERSION = YES;
				CLANG_WARN_DEPRECATED_OBJC_IMPLEMENTATIONS = YES;
				CLANG_WARN_DIRECT_OBJC_ISA_USAGE = YES_ERROR;
				CLANG_WARN_DOCUMENTATION_COMMENTS = YES;
				CLANG_WARN_EMPTY_BODY = YES;
				CLANG_WARN_ENUM_CONVERSION = YES;
				CLANG_WARN_INFINITE_RECURSION = YES;
				CLANG_WARN_INT_CONVERSION = YES;
				CLANG_WARN_NON_LITERAL_NULL_CONVERSION = YES;
				CLANG_WARN_OBJC_IMPLICIT_RETAIN_SELF = YES;
				CLANG_WARN_OBJC_LITERAL_CONVERSION = YES;
				CLANG_WARN_OBJC_ROOT_CLASS = YES_ERROR;
				CLANG_WARN_RANGE_LOOP_ANALYSIS = YES;
				CLANG_WARN_STRICT_PROTOTYPES = YES;
				CLANG_WARN_SUSPICIOUS_MOVE = YES;
				CLANG_WARN_UNGUARDED_AVAILABILITY = YES_AGGRESSIVE;
				CLANG_WARN_UNREACHABLE_CODE = YES;
				CLANG_WARN__DUPLICATE_METHOD_MATCH = YES;
				CODE_SIGN_IDENTITY = "iPhone Developer";
				COPY_PHASE_STRIP = NO;
				DEBUG_INFORMATION_FORMAT = "dwarf-with-dsym";
				ENABLE_NS_ASSERTIONS = NO;
				ENABLE_STRICT_OBJC_MSGSEND = YES;
				GCC_C_LANGUAGE_STANDARD = gnu11;
				GCC_NO_COMMON_BLOCKS = YES;
				GCC_WARN_64_TO_32_BIT_CONVERSION = YES;
				GCC_WARN_ABOUT_RETURN_TYPE = YES_ERROR;
				GCC_WARN_UNDECLARED_SELECTOR = YES;
				GCC_WARN_UNINITIALIZED_AUTOS = YES_AGGRESSIVE;
				GCC_WARN_UNUSED_FUNCTION = YES;
				GCC_WARN_UNUSED_VARIABLE = YES;
				IPHONEOS_DEPLOYMENT_TARGET = 12.2;
				MTL_ENABLE_DEBUG_INFO = NO;
				MTL_FAST_MATH = YES;
				SDKROOT = iphoneos;
				SWIFT_COMPILATION_MODE = wholemodule;
				SWIFT_OPTIMIZATION_LEVEL = "-O";
				VALIDATE_PRODUCT = YES;
			};
			name = Release;
		};
		3372CDB822CE057D00EF3A93 /* Debug */ = {
			isa = XCBuildConfiguration;
			buildSettings = {
				ASSETCATALOG_COMPILER_APPICON_NAME = AppIcon;
				CODE_SIGN_STYLE = Automatic;
				DEVELOPMENT_TEAM = 93GXBWV632;
				ENABLE_BITCODE = NO;
				FRAMEWORK_SEARCH_PATHS = (
					"$(inherited)",
					"$(PROJECT_DIR)/HotelSampleAppSwift",
					"$(PROJECT_DIR)",
				);
				INFOPLIST_FILE = HotelSampleAppSwift/Info.plist;
				LD_RUNPATH_SEARCH_PATHS = (
					"$(inherited)",
					"@executable_path/Frameworks",
				);
				PRODUCT_BUNDLE_IDENTIFIER = com.sampleP.HotelSampleAppSwift;
				PRODUCT_NAME = "$(TARGET_NAME)";
				SWIFT_VERSION = 5.0;
				TARGETED_DEVICE_FAMILY = "1,2";
			};
			name = Debug;
		};
		3372CDB922CE057D00EF3A93 /* Release */ = {
			isa = XCBuildConfiguration;
			buildSettings = {
				ASSETCATALOG_COMPILER_APPICON_NAME = AppIcon;
				CODE_SIGN_STYLE = Automatic;
				DEVELOPMENT_TEAM = 93GXBWV632;
				ENABLE_BITCODE = NO;
				FRAMEWORK_SEARCH_PATHS = (
					"$(inherited)",
					"$(PROJECT_DIR)/HotelSampleAppSwift",
					"$(PROJECT_DIR)",
				);
				INFOPLIST_FILE = HotelSampleAppSwift/Info.plist;
				LD_RUNPATH_SEARCH_PATHS = (
					"$(inherited)",
					"@executable_path/Frameworks",
				);
				PRODUCT_BUNDLE_IDENTIFIER = com.sampleP.HotelSampleAppSwift;
				PRODUCT_NAME = "$(TARGET_NAME)";
				SWIFT_VERSION = 5.0;
				TARGETED_DEVICE_FAMILY = "1,2";
			};
			name = Release;
		};
/* End XCBuildConfiguration section */

/* Begin XCConfigurationList section */
		3372CDA022CE057C00EF3A93 /* Build configuration list for PBXProject "HotelSampleAppSwift" */ = {
			isa = XCConfigurationList;
			buildConfigurations = (
				3372CDB522CE057D00EF3A93 /* Debug */,
				3372CDB622CE057D00EF3A93 /* Release */,
			);
			defaultConfigurationIsVisible = 0;
			defaultConfigurationName = Release;
		};
		3372CDB722CE057D00EF3A93 /* Build configuration list for PBXNativeTarget "HotelSampleAppSwift" */ = {
			isa = XCConfigurationList;
			buildConfigurations = (
				3372CDB822CE057D00EF3A93 /* Debug */,
				3372CDB922CE057D00EF3A93 /* Release */,
			);
			defaultConfigurationIsVisible = 0;
			defaultConfigurationName = Release;
		};
/* End XCConfigurationList section */
	};
	rootObject = 3372CD9D22CE057C00EF3A93 /* Project object */;
}
